
Microsoft Visual Studio Solution File, Format Version 12.00
# Visual Studio Version 18
VisualStudioVersion = 18.1.11312.151
MinimumVisualStudioVersion = 10.0.40219.1
Project("{2150E333-8FDC-42A3-9474-1A3956D46DE8}") = "Solution Items", "Solution Items", "{56958A08-8F4F-4A02-82C0-C4D5F60A28BD}"
	ProjectSection(SolutionItems) = preProject
		.editorconfig = .editorconfig
	EndProjectSection
EndProject
Project("{FAE04EC0-301F-11D3-BF4B-00C04F79EFBC}") = "Wolfenstein", "Demos\Wolfenstein\Wolfenstein.csproj", "{CBA77CBB-411D-401F-B23A-0BB52947F22B}"
EndProject
Project("{FAE04EC0-301F-11D3-BF4B-00C04F79EFBC}") = "Engine", "Engine\Engine.csproj", "{038BAB64-38FC-48F5-A0D9-FF6A0FD26605}"
EndProject
Project("{2150E333-8FDC-42A3-9474-1A3956D46DE8}") = "Demos", "Demos", "{FA8A28C8-4B59-8028-2ACF-626D05B08DB7}"
EndProject
Project("{FAE04EC0-301F-11D3-BF4B-00C04F79EFBC}") = "FloorStressTest", "Demos\FloorStressTest\FloorStressTest.csproj", "{C5E35C9C-9FAF-4656-A85D-CC33EF4FD56D}"
EndProject
Project("{FAE04EC0-301F-11D3-BF4B-00C04F79EFBC}") = "RotatingPillars", "Demos\RotatingPillars\RotatingPillars.csproj", "{599DD0CE-C72B-4681-AE86-FD16205A8E76}"
EndProject
Project("{FAE04EC0-301F-11D3-BF4B-00C04F79EFBC}") = "SampleBlockMap", "Demos\SampleBlockMap\SampleBlockMap.csproj", "{D063F2DF-A1C6-4846-9D98-D98EF9A1048F}"
EndProject
Project("{FAE04EC0-301F-11D3-BF4B-00C04F79EFBC}") = "SimpleBenchmark", "Demos\SimpleBenchmark\SimpleBenchmark.csproj", "{16EFC42F-04DD-4EF5-96E2-E17470C464E7}"
EndProject
Project("{FAE04EC0-301F-11D3-BF4B-00C04F79EFBC}") = "SuperBlockMap", "Demos\SuperBlockMap\SuperBlockMap.csproj", "{1EC1E80C-78D2-4267-8C9C-839B85BFF516}"
EndProject
Project("{FAE04EC0-301F-11D3-BF4B-00C04F79EFBC}") = "GdLib", "GdLib\GdLib.csproj", "{6872993D-AF2E-4948-BFA9-6661375C5776}"
EndProject
Global
	GlobalSection(SolutionConfigurationPlatforms) = preSolution
		Debug|Any CPU = Debug|Any CPU
		Debug|x64 = Debug|x64
		Debug|x86 = Debug|x86
		Release|Any CPU = Release|Any CPU
		Release|x64 = Release|x64
		Release|x86 = Release|x86
	EndGlobalSection
	GlobalSection(ProjectConfigurationPlatforms) = postSolution
		{CBA77CBB-411D-401F-B23A-0BB52947F22B}.Debug|Any CPU.ActiveCfg = Debug|Any CPU
		{CBA77CBB-411D-401F-B23A-0BB52947F22B}.Debug|Any CPU.Build.0 = Debug|Any CPU
		{CBA77CBB-411D-401F-B23A-0BB52947F22B}.Debug|x64.ActiveCfg = Debug|x64
		{CBA77CBB-411D-401F-B23A-0BB52947F22B}.Debug|x64.Build.0 = Debug|x64
		{CBA77CBB-411D-401F-B23A-0BB52947F22B}.Debug|x86.ActiveCfg = Debug|Any CPU
		{CBA77CBB-411D-401F-B23A-0BB52947F22B}.Debug|x86.Build.0 = Debug|Any CPU
		{CBA77CBB-411D-401F-B23A-0BB52947F22B}.Release|Any CPU.ActiveCfg = Release|Any CPU
		{CBA77CBB-411D-401F-B23A-0BB52947F22B}.Release|Any CPU.Build.0 = Release|Any CPU
		{CBA77CBB-411D-401F-B23A-0BB52947F22B}.Release|x64.ActiveCfg = Release|x64
		{CBA77CBB-411D-401F-B23A-0BB52947F22B}.Release|x64.Build.0 = Release|x64
		{CBA77CBB-411D-401F-B23A-0BB52947F22B}.Release|x86.ActiveCfg = Release|Any CPU
		{CBA77CBB-411D-401F-B23A-0BB52947F22B}.Release|x86.Build.0 = Release|Any CPU
		{038BAB64-38FC-48F5-A0D9-FF6A0FD26605}.Debug|Any CPU.ActiveCfg = Debug|Any CPU
		{038BAB64-38FC-48F5-A0D9-FF6A0FD26605}.Debug|Any CPU.Build.0 = Debug|Any CPU
		{038BAB64-38FC-48F5-A0D9-FF6A0FD26605}.Debug|x64.ActiveCfg = Debug|x64
		{038BAB64-38FC-48F5-A0D9-FF6A0FD26605}.Debug|x64.Build.0 = Debug|x64
		{038BAB64-38FC-48F5-A0D9-FF6A0FD26605}.Debug|x86.ActiveCfg = Debug|Any CPU
		{038BAB64-38FC-48F5-A0D9-FF6A0FD26605}.Debug|x86.Build.0 = Debug|Any CPU
		{038BAB64-38FC-48F5-A0D9-FF6A0FD26605}.Release|Any CPU.ActiveCfg = Release|Any CPU
		{038BAB64-38FC-48F5-A0D9-FF6A0FD26605}.Release|Any CPU.Build.0 = Release|Any CPU
		{038BAB64-38FC-48F5-A0D9-FF6A0FD26605}.Release|x64.ActiveCfg = Release|x64
		{038BAB64-38FC-48F5-A0D9-FF6A0FD26605}.Release|x64.Build.0 = Release|x64
		{038BAB64-38FC-48F5-A0D9-FF6A0FD26605}.Release|x86.ActiveCfg = Release|Any CPU
		{038BAB64-38FC-48F5-A0D9-FF6A0FD26605}.Release|x86.Build.0 = Release|Any CPU
		{C5E35C9C-9FAF-4656-A85D-CC33EF4FD56D}.Debug|Any CPU.ActiveCfg = Debug|x64
		{C5E35C9C-9FAF-4656-A85D-CC33EF4FD56D}.Debug|Any CPU.Build.0 = Debug|x64
		{C5E35C9C-9FAF-4656-A85D-CC33EF4FD56D}.Debug|x64.ActiveCfg = Debug|x64
		{C5E35C9C-9FAF-4656-A85D-CC33EF4FD56D}.Debug|x64.Build.0 = Debug|x64
		{C5E35C9C-9FAF-4656-A85D-CC33EF4FD56D}.Debug|x86.ActiveCfg = Debug|x64
		{C5E35C9C-9FAF-4656-A85D-CC33EF4FD56D}.Debug|x86.Build.0 = Debug|x64
		{C5E35C9C-9FAF-4656-A85D-CC33EF4FD56D}.Release|Any CPU.ActiveCfg = Release|x64
		{C5E35C9C-9FAF-4656-A85D-CC33EF4FD56D}.Release|Any CPU.Build.0 = Release|x64
		{C5E35C9C-9FAF-4656-A85D-CC33EF4FD56D}.Release|x64.ActiveCfg = Release|x64
		{C5E35C9C-9FAF-4656-A85D-CC33EF4FD56D}.Release|x64.Build.0 = Release|x64
		{C5E35C9C-9FAF-4656-A85D-CC33EF4FD56D}.Release|x86.ActiveCfg = Release|x64
		{C5E35C9C-9FAF-4656-A85D-CC33EF4FD56D}.Release|x86.Build.0 = Release|x64
		{599DD0CE-C72B-4681-AE86-FD16205A8E76}.Debug|Any CPU.ActiveCfg = Debug|x64
		{599DD0CE-C72B-4681-AE86-FD16205A8E76}.Debug|Any CPU.Build.0 = Debug|x64
		{599DD0CE-C72B-4681-AE86-FD16205A8E76}.Debug|x64.ActiveCfg = Debug|x64
		{599DD0CE-C72B-4681-AE86-FD16205A8E76}.Debug|x64.Build.0 = Debug|x64
		{599DD0CE-C72B-4681-AE86-FD16205A8E76}.Debug|x86.ActiveCfg = Debug|x64
		{599DD0CE-C72B-4681-AE86-FD16205A8E76}.Debug|x86.Build.0 = Debug|x64
		{599DD0CE-C72B-4681-AE86-FD16205A8E76}.Release|Any CPU.ActiveCfg = Release|x64
		{599DD0CE-C72B-4681-AE86-FD16205A8E76}.Release|Any CPU.Build.0 = Release|x64
		{599DD0CE-C72B-4681-AE86-FD16205A8E76}.Release|x64.ActiveCfg = Release|x64
		{599DD0CE-C72B-4681-AE86-FD16205A8E76}.Release|x64.Build.0 = Release|x64
		{599DD0CE-C72B-4681-AE86-FD16205A8E76}.Release|x86.ActiveCfg = Release|x64
		{599DD0CE-C72B-4681-AE86-FD16205A8E76}.Release|x86.Build.0 = Release|x64
		{D063F2DF-A1C6-4846-9D98-D98EF9A1048F}.Debug|Any CPU.ActiveCfg = Debug|x64
		{D063F2DF-A1C6-4846-9D98-D98EF9A1048F}.Debug|Any CPU.Build.0 = Debug|x64
		{D063F2DF-A1C6-4846-9D98-D98EF9A1048F}.Debug|x64.ActiveCfg = Debug|x64
		{D063F2DF-A1C6-4846-9D98-D98EF9A1048F}.Debug|x64.Build.0 = Debug|x64
		{D063F2DF-A1C6-4846-9D98-D98EF9A1048F}.Debug|x86.ActiveCfg = Debug|x64
		{D063F2DF-A1C6-4846-9D98-D98EF9A1048F}.Debug|x86.Build.0 = Debug|x64
		{D063F2DF-A1C6-4846-9D98-D98EF9A1048F}.Release|Any CPU.ActiveCfg = Release|x64
		{D063F2DF-A1C6-4846-9D98-D98EF9A1048F}.Release|Any CPU.Build.0 = Release|x64
		{D063F2DF-A1C6-4846-9D98-D98EF9A1048F}.Release|x64.ActiveCfg = Release|x64
		{D063F2DF-A1C6-4846-9D98-D98EF9A1048F}.Release|x64.Build.0 = Release|x64
		{D063F2DF-A1C6-4846-9D98-D98EF9A1048F}.Release|x86.ActiveCfg = Release|x64
		{D063F2DF-A1C6-4846-9D98-D98EF9A1048F}.Release|x86.Build.0 = Release|x64
		{16EFC42F-04DD-4EF5-96E2-E17470C464E7}.Debug|Any CPU.ActiveCfg = Debug|x64
		{16EFC42F-04DD-4EF5-96E2-E17470C464E7}.Debug|Any CPU.Build.0 = Debug|x64
		{16EFC42F-04DD-4EF5-96E2-E17470C464E7}.Debug|x64.ActiveCfg = Debug|x64
		{16EFC42F-04DD-4EF5-96E2-E17470C464E7}.Debug|x64.Build.0 = Debug|x64
		{16EFC42F-04DD-4EF5-96E2-E17470C464E7}.Debug|x86.ActiveCfg = Debug|x64
		{16EFC42F-04DD-4EF5-96E2-E17470C464E7}.Debug|x86.Build.0 = Debug|x64
		{16EFC42F-04DD-4EF5-96E2-E17470C464E7}.Release|Any CPU.ActiveCfg = Release|x64
		{16EFC42F-04DD-4EF5-96E2-E17470C464E7}.Release|Any CPU.Build.0 = Release|x64
		{16EFC42F-04DD-4EF5-96E2-E17470C464E7}.Release|x64.ActiveCfg = Release|x64
		{16EFC42F-04DD-4EF5-96E2-E17470C464E7}.Release|x64.Build.0 = Release|x64
		{16EFC42F-04DD-4EF5-96E2-E17470C464E7}.Release|x86.ActiveCfg = Release|x64
		{16EFC42F-04DD-4EF5-96E2-E17470C464E7}.Release|x86.Build.0 = Release|x64
		{1EC1E80C-78D2-4267-8C9C-839B85BFF516}.Debug|Any CPU.ActiveCfg = Debug|x64
		{1EC1E80C-78D2-4267-8C9C-839B85BFF516}.Debug|Any CPU.Build.0 = Debug|x64
		{1EC1E80C-78D2-4267-8C9C-839B85BFF516}.Debug|x64.ActiveCfg = Debug|x64
		{1EC1E80C-78D2-4267-8C9C-839B85BFF516}.Debug|x64.Build.0 = Debug|x64
		{1EC1E80C-78D2-4267-8C9C-839B85BFF516}.Debug|x86.ActiveCfg = Debug|x64
		{1EC1E80C-78D2-4267-8C9C-839B85BFF516}.Debug|x86.Build.0 = Debug|x64
		{1EC1E80C-78D2-4267-8C9C-839B85BFF516}.Release|Any CPU.ActiveCfg = Release|x64
		{1EC1E80C-78D2-4267-8C9C-839B85BFF516}.Release|Any CPU.Build.0 = Release|x64
		{1EC1E80C-78D2-4267-8C9C-839B85BFF516}.Release|x64.ActiveCfg = Release|x64
		{1EC1E80C-78D2-4267-8C9C-839B85BFF516}.Release|x64.Build.0 = Release|x64
		{1EC1E80C-78D2-4267-8C9C-839B85BFF516}.Release|x86.ActiveCfg = Release|x64
		{1EC1E80C-78D2-4267-8C9C-839B85BFF516}.Release|x86.Build.0 = Release|x64
		{6872993D-AF2E-4948-BFA9-6661375C5776}.Debug|Any CPU.ActiveCfg = Debug|Any CPU
		{6872993D-AF2E-4948-BFA9-6661375C5776}.Debug|Any CPU.Build.0 = Debug|Any CPU
		{6872993D-AF2E-4948-BFA9-6661375C5776}.Debug|x64.ActiveCfg = Debug|Any CPU
		{6872993D-AF2E-4948-BFA9-6661375C5776}.Debug|x64.Build.0 = Debug|Any CPU
		{6872993D-AF2E-4948-BFA9-6661375C5776}.Debug|x86.ActiveCfg = Debug|Any CPU
		{6872993D-AF2E-4948-BFA9-6661375C5776}.Debug|x86.Build.0 = Debug|Any CPU
		{6872993D-AF2E-4948-BFA9-6661375C5776}.Release|Any CPU.ActiveCfg = Release|Any CPU
		{6872993D-AF2E-4948-BFA9-6661375C5776}.Release|Any CPU.Build.0 = Release|Any CPU
		{6872993D-AF2E-4948-BFA9-6661375C5776}.Release|x64.ActiveCfg = Release|Any CPU
		{6872993D-AF2E-4948-BFA9-6661375C5776}.Release|x64.Build.0 = Release|Any CPU
		{6872993D-AF2E-4948-BFA9-6661375C5776}.Release|x86.ActiveCfg = Release|Any CPU
		{6872993D-AF2E-4948-BFA9-6661375C5776}.Release|x86.Build.0 = Release|Any CPU
	EndGlobalSection
	GlobalSection(SolutionProperties) = preSolution
		HideSolutionNode = FALSE
	EndGlobalSection
	GlobalSection(NestedProjects) = preSolution
		{CBA77CBB-411D-401F-B23A-0BB52947F22B} = {FA8A28C8-4B59-8028-2ACF-626D05B08DB7}
		{C5E35C9C-9FAF-4656-A85D-CC33EF4FD56D} = {FA8A28C8-4B59-8028-2ACF-626D05B08DB7}
		{599DD0CE-C72B-4681-AE86-FD16205A8E76} = {FA8A28C8-4B59-8028-2ACF-626D05B08DB7}
		{D063F2DF-A1C6-4846-9D98-D98EF9A1048F} = {FA8A28C8-4B59-8028-2ACF-626D05B08DB7}
		{16EFC42F-04DD-4EF5-96E2-E17470C464E7} = {FA8A28C8-4B59-8028-2ACF-626D05B08DB7}
		{1EC1E80C-78D2-4267-8C9C-839B85BFF516} = {FA8A28C8-4B59-8028-2ACF-626D05B08DB7}
	EndGlobalSection
	GlobalSection(ExtensibilityGlobals) = postSolution
		SolutionGuid = {95280F4D-46A2-4F68-BAA2-C581EDEF127F}
	EndGlobalSection
EndGlobal
